apiVersion: vendir.k14s.io/v1alpha1
directories:
- contents:
  - configDigest: c4f79a50f295e261f5d47b64028ceea500d5994de69bcbe9ec24412053da2541
    git:
      commitTitle: Update model catalog (#3750)...
      sha: ea5608642b9d5c94c5baf5fd9f2f9849b808e963
      tags:
      - v1.6.0
    path: .
  path: _sources/agentgateway
- contents:
  - configDigest: aebfe407278a805e4db25b0ecf2be5897f54886b29c98604b3924a92fd7a3e9d
    git:
      commitTitle: 'Merge pull request #9323 from wallrj/release-1.21-go-1.26.8...'
      sha: 922a06aa49ee4bb802db268ef72a174af70edd32
      tags:
      - v1.21.2
    path: .
  path: _sources/cert-manager
- contents:
  - configDigest: 69c982e0a93a0c2964124ce681eb34aa2dfb863ab14dac0df7eb7df63eb85838
    git:
      commitTitle: Prepare for release v1.20.2...
      sha: e0dc92bd6dac33d7ba3b5eace82a0448bbb13aac
      tags:
      - v1.20.2
    path: .
  path: _sources/cilium
- contents:
  - configDigest: 9abdb1f861e98ccab861d20300c725a35a6e3131cbc71a9d2b31aeb462f40c6a
    git:
      commitTitle: 'docs: systemLogsTTLDays defaults on new clusters only; Keeper
        raft_logs_level follows logger.level (#348)...'
      sha: ebcb5b6c7b2031e88671b4281f2b8ae60f6f71fd
      tags:
      - v0.0.8
    path: .
  path: _sources/clickhouse
- contents:
  - configDigest: 48d167a0b4b0f9d91cb08b2d6e98ce17a67022621cb91802daf865a186df8143
    git:
      commitTitle: Release cloudnative-pg-v0.29.1 (#1027)...
      sha: effa01d9a7d6fa390712a83bbadad1784940f2f4
      tags:
      - cloudnative-pg-v0.29.1
    path: .
  path: _sources/cloudnative-pg
- contents:
  - configDigest: b941620c52b5f0ddd5f4ec600f3511aaa6ab7d32edfc66c5d67381e1ee4554bb
    git:
      commitTitle: 'feat(release): update manifest files and bump operator version
        (#597)...'
      sha: 9a5522426e6ddabb914d167ee82a192c9f682c79
      tags:
      - v1.7.0
    path: .
  path: _sources/dragonflydb
- contents:
  - configDigest: eae03541a7148c939c6ef62cfb2f238b25a5608f040b1bac13534e62302b4e8a
    git:
      commitTitle: 'fix(cloudflare): normalize provider-specific property names at
        ingestion (#6731)...'
      sha: a10c5665a5bc30e7163eb17e853e317964500e99
      tags:
      - v0.23.0
    path: .
  path: _sources/external-dns
- contents:
  - configDigest: 12f2a53fe0c2b54f75e2c2b12390e753a65b10c17de005c4f3345ea2cb8a7e7d
    git:
      commitTitle: Update docs for new release (#7085)...
      sha: 9d17906e8e4c5532ffe513f72273df03b7b07bc6
      tags:
      - v2.12.0
    path: .
  path: _sources/external-secrets
- contents:
  - configDigest: c773ac9139f3b27fb36a54a64ed44b88f7822a13bf73ceb393f4735068a2b187
    git:
      commitTitle: '[release-1.9] Bump ratelimit version (#10136)...'
      sha: f9f92a112a4033abed5c8d43a5f7e37da257403c
      tags:
      - v1.9.2
    path: .
  path: _sources/envoy-gateway
- contents:
  - configDigest: 25685b9ac44cff6223f0f8a926a94e62459d8e8c676cc8236c8290f010ecd36a
    git:
      commitTitle: 'Merge pull request #1598 from fluxcd/release-v1.6.5...'
      sha: 37dce43a9bc5c89f99a44f8a6ea11f05a84f86b8
      tags:
      - v1.6.5
    path: helm-controller
  - configDigest: 56075b91161166cb4f8e76cfb281ae934117aabd2623bea14f50c0dd53ea449c
    git:
      commitTitle: 'Merge pull request #1376 from fluxcd/release-v1.9.4...'
      sha: a1dff35982bf7faf937f38ca2d5219907a6016d3
      tags:
      - v1.9.4
    path: notification-controller
  - configDigest: a252c476b505f56e77c4e02e858f6890e1787da3d07207dbef6bb90ffc156998
    git:
      commitTitle: 'Merge pull request #1766 from fluxcd/release-v1.9.6...'
      sha: 060e0d8dbc257a11cf49b9e626b63284dc385870
      tags:
      - v1.9.6
    path: kustomize-controller
  - configDigest: e4e0bb6c1e1636d750a84add3e6f98eaab6aeefa6810fb784eb5ef1021bad34b
    git:
      commitTitle: 'Merge pull request #2174 from fluxcd/release-v1.9.6...'
      sha: 456fa323ef6a4b977f220cf2c60298bf193497ba
      tags:
      - v1.9.6
    path: source-controller
  path: _sources/fluxcd
- contents:
  - configDigest: f17129ed65e82c31c36d3ac4037c5880f47fb3ba93d8a3ef2f5382241cd5e8cd
    git:
      commitTitle: Automated update for release v0.0.26
      sha: 91642ae6aad98b4346b6852332ee83c1bce5b033
      tags:
      - v0.0.26
    path: .
  path: _sources/frr-k8s
- contents:
  - configDigest: 30b97af8cc84101faf9dd2955ac0953cf11e3c435be8b5ce3e7fae5429ba246d
    git:
      commitTitle: 'fix(ci): set subdir for commit action (#2915)'
      sha: 1d8584df2127ad9341567efb2683adaf25894ebe
      tags:
      - v5.25.0
    path: .
  path: _sources/grafana-operator
- contents:
  - configDigest: 1de6863c3a51217dee10d91fc0ca8918fdb3ac904cffb2dab907a30f67124c3e
    git:
      commitTitle: 'chore: Prep for v1.6.2 release (#5217)'
      sha: ca6c2a65454737236fb7a937bd9b17e42b07e9de
      tags:
      - conformance/v1.6.2
    path: .
  path: _sources/gateway-api
- contents:
  - configDigest: e660caa9a8a87680d9a12e84dccf22ea0ef68dd70ed3e79276d568aa3aedf5d7
    git:
      commitTitle: '[2.4] Test flake fixes (#14714)...'
      sha: cb1dd3c8102e697b218acfb5d91306e65c9e59f2
      tags:
      - v2.4.5
    path: .
  path: _sources/kgateway
- contents:
  - configDigest: b45c19dbc0853ef4bbe0681a2b62a8602158354fb57b14f5959bf9e0c7d19677
    git:
      commitTitle: 'chore(release): 0.10.12 (#524)...'
      sha: e214448b1496ef16abd9afb27621c50a9dd4a38f
      tags:
      - 0.10.12
    path: .
  path: _sources/kopiur
- contents:
  - configDigest: 7c1af70ad8df9970301de0ef3ec1ea8692c8730995a6b5be31111698dcf1ce05
    git:
      commitTitle: 'chore: cut release v1.19.1 (#17541)...'
      sha: 40ec788d48bb28d83dbf85538e962a59db9d45c6
      tags:
      - kyverno-chart-3.9.1
    path: .
  path: _sources/kyverno
- contents:
  - configDigest: 6862e11470e98a659392c3e3263143fccce45f1d4c356f9fcf03d3f93679dc9d
    git:
      commitTitle: '[prometheus-operator-crds] Update dependency prometheus-operator/prometheus-operator
        to v0.94.1 (#7317)...'
      sha: aaf22ea833d0daa82cc2f39ef6279be85576c8ab
      tags:
      - prometheus-operator-crds-32.0.1
    path: .
  path: _sources/prometheus
- contents:
  - configDigest: 07f8cdf3d06abd5c6a2040e1e6b6824ca60e7239dda3f4ee444e84ce80fe1a66
    git:
      commitTitle: 'Merge pull request #18473 from obnoxxx/prep-v1.20.8...'
      sha: 70452ac10b697160e9f946eb9782990691927e9d
      tags:
      - v1.20.8
    path: .
  path: _sources/rook
- contents:
  - configDigest: bdd5cb13ed52336fcd61344c14ba464455762c2093b8a1f24cdc902247043065
    git:
      commitTitle: 'chore(release): v0.21.0 (#711)...'
      sha: 8bb6b72b04a187a2ebaa55fc8308d45f6c7e53b9
      tags:
      - v0.21.0
    path: .
  path: _sources/silence-operator
- contents:
  - configDigest: bcbacc5a004d853bce427fe8944937f4bf0ac637f057fc7ad12bbf93345eaaec
    git:
      commitTitle: Release v0.51.4 (#6728)...
      sha: 61aaf42df6a1898bc1b4e5c738393b08ef129817
      tags:
      - v0.51.4
    path: .
  path: _sources/toolhive
- contents:
  - configDigest: 6a05f3427294fb9a0a8800fc585ee40cd41cbf50729f587c06154173aa3dd546
    git:
      commitTitle: 'chore(release): 0.5.7 (#585)'
      sha: 2d0f0311a8fc2f3cdd639f441b88fe22efd7f32d
      tags:
      - 0.5.7
    path: .
  path: _sources/tuppr
- contents:
  - configDigest: ebb2db3d60668c83005abd63fd6033632bc536567a7cc5bfed245a42c2c5c9fa
    git:
      commitTitle: 'crds: release 0.15.0'
      sha: c0b5a51e1db5e53dcd1ea6803a29299979e49e4d
      tags:
      - victoria-metrics-operator-crds-0.15.0
    path: .
  path: _sources/victoria-metrics
- contents:
  - configDigest: 20ea5e9741929f25584abb796a562840c432dadf5002d52db2f0a7fd8f3c838c
    git:
      commitTitle: 'Merge pull request #2022 from openshift-cherrypick-robot/cherry-pick-2020-to-release-0.16...'
      sha: 22b97b0717c74f328853d92877151392ff5ecb42
      tags:
      - v0.16.0
    path: .
  path: _sources/volsync
kind: LockConfig
