apiVersion: vendir.k14s.io/v1alpha1
directories:
- contents:
  - configDigest: 849c93e049c99f394775060e1124dabf338dbdf2521936389f08465914fad116
    git:
      commitTitle: Allow same port with different protocols across gateways (#2246)...
      sha: dbaaf7ed73671e7aec9195e35e7f726c0b14b84a
      tags:
      - v1.3.1
    path: .
  path: _sources/agentgateway
- contents:
  - configDigest: 7d7a331de1149e5c786f0cb2786b1fd5cec167899856ff651c6cc981145f7948
    git:
      commitTitle: 'Merge pull request #8940 from wallrj-cyberark/restrict-edit-clusterrole-rbac-release-1.20...'
      sha: 1e1d16d1744e6d9c80e464e58e8d9ab1caed222b
      tags:
      - v1.20.3
    path: .
  path: _sources/cert-manager
- contents:
  - configDigest: 398534dbe980bf7a1a1f19f2d81cc4f0acc3c90898a00a08ca3532a5d7686430
    git:
      commitTitle: Prepare for release v1.19.5...
      sha: 20eaccfef029cb046d70219717fb6dbbdf27a59f
      tags:
      - 1.19.5
    path: .
  path: _sources/cilium
- contents:
  - configDigest: 015500fedeef8927b0a89e0e9798dd53af91cfcfc82e4772599e3d83a2c8e2c3
    git:
      commitTitle: 'ci: bypass v1 registries.conf in opm catalog render (#241)...'
      sha: 15cdb3544e6261228267e7440ea2e7dff74284d5
      tags:
      - v0.0.6
    path: .
  path: _sources/clickhouse
- contents:
  - configDigest: 91ca4ead579f6b7854906cc3e52af96cde743b9e244f4da380f42b27c1dc120b
    git:
      commitTitle: Release cloudnative-pg-v0.28.2 (#871)...
      sha: 1cc064ac89730116588783ef2f85cf0af9406e26
      tags:
      - cloudnative-pg-v0.28.2
    path: .
  path: _sources/cloudnative-pg
- contents:
  - configDigest: 7aefdeab4a642103fc814ed0076ff850a6ae900f9ab8a25524e0947fc91ccac6
    git:
      commitTitle: 'fix(chart): bump version to v1.6.1 with missing configmap role
        (#543)...'
      sha: b28637d78d828f80a3b3fd76acaa2dd6e3c28603
      tags:
      - v1.6.1
    path: .
  path: _sources/dragonflydb
- contents:
  - git:
      commitTitle: 'feat(source/gateway-api)!: migrate Gateway and HTTPRoute to v1
        (#6291)...'
      sha: 066a11e2158f87689a01f0ff39493037da958171
      tags:
      - v0.21.0
    path: .
  path: _sources/external-dns
- contents:
  - git:
      commitTitle: 'feat(doppler): include HTTP status in API errors (#6489)...'
      sha: e215053f3e68504de7483f9542b49f19f98293a1
      tags:
      - v2.7.0
    path: .
  path: _sources/external-secrets
- contents:
  - configDigest: 2b65c888fb53cca1e65ad93b55c1a96125f4b4d0074182961e749d8c1689447c
    git:
      commitTitle: '[release-1.8] cherry-pick for v1.8.2 (#9376)...'
      sha: 6c2e80d5158926749b95e948d7aae36b9ae67669
      tags:
      - v1.8.2
    path: .
  path: _sources/envoy-gateway
- contents:
  - configDigest: f98c237ab60688c382c1ca472fee2be500cb3fcd78f31bca3c407116cde84349
    git:
      commitTitle: 'Merge pull request #1540 from fluxcd/release-v1.6.2...'
      sha: 7cabcd8becb9d88c0198d3555cbcaa662faf98a2
      tags:
      - v1.6.2
    path: helm-controller
  - configDigest: 5007d7d38c9c2c20495e48f3b0e10beee768dfefb9e0b3b9e64bddb6f1985e8c
    git:
      commitTitle: 'Merge pull request #1347 from fluxcd/release-v1.9.2...'
      sha: 8d2ed585e37c72177bb773867f40fa7d887bdcef
      tags:
      - v1.9.2
    path: notification-controller
  - configDigest: 34cc8d3ac37e82a25f231a1a60782d72f4bf937478904ea75ede65fa7109ee54
    git:
      commitTitle: 'Merge pull request #1701 from fluxcd/release-v1.9.2...'
      sha: dbb931de77bf53c70202b44ce269bfccb2add84f
      tags:
      - v1.9.2
    path: kustomize-controller
  - configDigest: a58e57fe7e93b0308cb979be09887759ee1e7468b37a6dc8f6b7533ce29b4a0e
    git:
      commitTitle: 'Merge pull request #2107 from fluxcd/release-v1.9.2...'
      sha: 38cf78c3f2fc533614a0c1589db0449bc5396c90
      tags:
      - v1.9.2
    path: source-controller
  path: _sources/fluxcd
- contents:
  - git:
      commitTitle: Automated update for release v0.0.25
      sha: fc9b433c54374deeb461db3bd8ea91084e589837
      tags:
      - v0.0.25
    path: .
  path: _sources/frr-k8s
- contents:
  - git:
      commitTitle: 'chore: release 5.24.0 (#2742)'
      sha: 065a718a1fe83728d08054c299de7f8577e88f79
      tags:
      - v5.24.0
    path: .
  path: _sources/grafana-operator
- contents:
  - git:
      commitTitle: version bump and changelog update for v1.6.0 release. (#5029)
      sha: 89b3b0c3fa63f9342f43ba0fb2cf93d6aab53af7
      tags:
      - conformance/v1.6.0
    path: .
  path: _sources/gateway-api
- contents:
  - configDigest: 0d57b1bb43023f08a8c29f2dda6775560d03e7ae249c1f6b8b8ea3adcd680388
    git:
      commitTitle: '[2.3] fix: use rooted FQDN for xDS cluster address (#14296)...'
      sha: d7a4e97686ada6bdc35e5315b69bd6a46b40beb1
      tags:
      - v2.3.5
    path: .
  path: _sources/kgateway
- contents:
  - configDigest: 7fe1a5d45b2b5eb6091ca4820f9435c8605445e74853801e389754c7f4f03cc2
    git:
      commitTitle: 'chore: release v1.18.1 (#16126)...'
      sha: ec14520a11cc25432482bfc0baa6a61d3c309524
      tags:
      - kyverno-chart-3.8.1
    path: .
  path: _sources/kyverno
- contents:
  - configDigest: 016f10dad66a73ffe8679c67c4135ae7a35ce79a3c90bbdb8e2f8af66aaa43a3
    git:
      commitTitle: '[prometheus-operator-crds] Update dependency prometheus-operator/prometheus-operator
        to v0.91.0 (#6892)...'
      sha: 7897ac7761509208307f5cfd8066f8a6fe5a33df
      tags:
      - prometheus-operator-crds-29.0.0
    path: .
  path: _sources/prometheus
- contents:
  - configDigest: bac744ad57e3178112ad6ed8a4d5292ac7272c66adfb89f4001d6a868fe5f1f0
    git:
      commitTitle: 'Merge pull request #17767 from obnoxxx/prep-v1.20.1...'
      sha: 6eab73f29700b60038d1f3f465e2d8b5b15eb479
      tags:
      - v1.20.1
    path: .
  path: _sources/rook
- contents:
  - configDigest: a1d4316407046dfd1e702754dde06b188c08c8a6c9101b9a81bb02ef6a74aaea
    git:
      commitTitle: Release v0.20.1 (#650)
      sha: bac256ff9bf283eab6dcab7e0e739ae8c0138568
      tags:
      - v0.20.1
    path: .
  path: _sources/silence-operator
- contents:
  - configDigest: 142fe8e60ebebd1afa69c8143056596b3e3ff5ac271275d16b2507fe6e15d016
    git:
      commitTitle: Release v0.34.0 (#5737)...
      sha: b084be45ce404313d6022a341f51543057b0881b
      tags:
      - v0.34.0
    path: .
  path: _sources/toolhive
- contents:
  - configDigest: 6dddf75ba7a8904f623ffc51cca9214af484dfa1d26917dde493d513b0b857c4
    git:
      commitTitle: 'chore(main): release 0.3.0 (#368)'
      sha: afe61a8c40b42cb184a64a2d768ecb6c431bd47f
      tags:
      - 0.3.0
    path: .
  path: _sources/tuppr
- contents:
  - configDigest: e1be80ecfdf0c9845285fce149009adae5bdf65cd73f6047cc4a6af7a790887d
    git:
      commitTitle: 'charts: Update victoriametrics/operator Docker tag to v0.70.1
        (#2914)...'
      sha: f6601faad6bb61e8cbb3870255d4ee32616165a7
      tags:
      - victoria-metrics-operator-0.63.1
    path: .
  path: _sources/victoria-metrics
- contents:
  - git:
      commitTitle: 'Merge pull request #2022 from openshift-cherrypick-robot/cherry-pick-2020-to-release-0.16...'
      sha: 22b97b0717c74f328853d92877151392ff5ecb42
      tags:
      - v0.16.0
    path: .
  path: _sources/volsync
kind: LockConfig
