apiVersion: vendir.k14s.io/v1alpha1
directories:
- contents:
  - configDigest: ae9cd27deeed67c465ec4f70c0f455b57bf02eaee54137cfaf04c0603e36cebf
    git:
      commitTitle: Substrate Refinements (#3174)...
      sha: fe6732474a96a0363dfb9822859af4e9bab360fa
      tags:
      - v1.5.0
    path: .
  path: _sources/agentgateway
- contents:
  - configDigest: 4e6b98cb0f3981ecefe39965496967dc822cb1e121e1fa323562273adb890e90
    git:
      commitTitle: 'Merge pull request #9083 from cert-manager-bot/cherry-pick-9042-to-release-1.21...'
      sha: 24e33194fb39488eff2bbf10c6dc640f407cad44
      tags:
      - v1.21.1
    path: .
  path: _sources/cert-manager
- contents:
  - configDigest: c3a83a5f0dcdc862098bb8a523b6e773a58ad442e75dd52a482c0b4008345eff
    git:
      commitTitle: Prepare for release v1.20.1...
      sha: 7d68cfb394f2960e10aa72e76d0d51e66c1b2ebc
      tags:
      - 1.20.1
    path: .
  path: _sources/cilium
- contents:
  - configDigest: 889d64a2d8a5feda75592bd1d08f12085e2baff1d6624edb5d1904051a55b164
    git:
      commitTitle: 'docs: clarify topologyZoneKey and nodeHostnameKey semantics (#271)...'
      sha: 24da2d81a832c524ff7898dc8d04baa1ff63f49a
      tags:
      - v0.0.7
    path: .
  path: _sources/clickhouse
- contents:
  - configDigest: 91ca4ead579f6b7854906cc3e52af96cde743b9e244f4da380f42b27c1dc120b
    git:
      commitTitle: Release cloudnative-pg-v0.28.2 (#871)...
      sha: 1cc064ac89730116588783ef2f85cf0af9406e26
      tags:
      - cloudnative-pg-v0.28.2
    path: .
  path: _sources/cloudnative-pg
- contents:
  - configDigest: 7aefdeab4a642103fc814ed0076ff850a6ae900f9ab8a25524e0947fc91ccac6
    git:
      commitTitle: 'fix(chart): bump version to v1.6.1 with missing configmap role
        (#543)...'
      sha: b28637d78d828f80a3b3fd76acaa2dd6e3c28603
      tags:
      - v1.6.1
    path: .
  path: _sources/dragonflydb
- contents:
  - git:
      commitTitle: bump dependencies for release (#6643)...
      sha: 994f908d4abdfe5fbf38f2f61613ed570432e43a
      tags:
      - v0.22.0
    path: .
  path: _sources/external-dns
- contents:
  - git:
      commitTitle: 'chore(deps): bump step-security/harden-runner from 2.19.4 to 2.20.1
        (#6803)...'
      sha: 378bdb622ed9712ef4a58370f6a17af033b7d343
      tags:
      - v2.9.0
    path: .
  path: _sources/external-secrets
- contents:
  - configDigest: 6c995bc62aad2cbf96f8ec1b2073cceb6cbff0e69b764206b919366f076eb230
    git:
      commitTitle: bump ratelimit version (#9757)...
      sha: 39763b1c07ec30a5526fe70434a2cfe4181de642
      tags:
      - v1.9.0
    path: .
  path: _sources/envoy-gateway
- contents:
  - configDigest: c092cfaf134592f28cea2a9dcd3076772ae05555542bb8dcb1b828d56e3f6de8
    git:
      commitTitle: 'Merge pull request #1549 from fluxcd/release-v1.6.3...'
      sha: 372c34e2b4a455d24ef6cbb8321c82c4533dbbd8
      tags:
      - v1.6.3
    path: helm-controller
  - configDigest: 6a9709ee15e706732e66b725060a00340d00b45484dc58183fee2626a0933e17
    git:
      commitTitle: 'Merge pull request #1365 from fluxcd/release-v1.9.3...'
      sha: 0b6fcb118ea64a36d7ca7d29904e4f5075be87bc
      tags:
      - v1.9.3
    path: notification-controller
  - configDigest: b5e7e3647c26826030310b2dbae7c6c246ff22f3dbb8603ca0fd4c24ece11ca4
    git:
      commitTitle: 'Merge pull request #1716 from fluxcd/release-v1.9.4...'
      sha: 1324b615da01038e2859cbcde604bd5434f21933
      tags:
      - v1.9.4
    path: kustomize-controller
  - configDigest: 8f728bee6ec0e87ac83bf79e5ff8eb416c5af65db378ec2ac0673407a5735ad7
    git:
      commitTitle: 'Merge pull request #2132 from fluxcd/release-v1.9.4...'
      sha: 6b10a9e4225bdf2def44b817bd080eddb42d2133
      tags:
      - v1.9.4
    path: source-controller
  path: _sources/fluxcd
- contents:
  - git:
      commitTitle: Automated update for release v0.0.26
      sha: 91642ae6aad98b4346b6852332ee83c1bce5b033
      tags:
      - v0.0.26
    path: .
  path: _sources/frr-k8s
- contents:
  - git:
      commitTitle: 'fix(ci): set subdir for commit action (#2915)'
      sha: 1d8584df2127ad9341567efb2683adaf25894ebe
      tags:
      - v5.25.0
    path: .
  path: _sources/grafana-operator
- contents:
  - git:
      commitTitle: update vap (#5073)
      sha: 8bb74df00e56ec8f944d48c25e6c1c9c2f6848e3
      tags:
      - conformance/v1.6.1
    path: .
  path: _sources/gateway-api
- contents:
  - configDigest: 6123c14b787cb1eff27419768f33daa23ed68991d7536eff9278a159ee63e950
    git:
      commitTitle: '[2.4] bump: bumps go toolchain and numerous dependencies (#14590)...'
      sha: b2a63fdd03d4c6c0d6cb013b519f85cf13907c34
      tags:
      - v2.4.3
    path: .
  path: _sources/kgateway
- contents:
  - configDigest: b73c558ec393cdef532b5a9792f7a6d62dc36304d5ca4f150c543bb0089c944a
    git:
      commitTitle: 'chore: cut release v1.19.0 (#17238)...'
      sha: ee97ce09538b09b6f1b03853cc41a62654d6a58f
      tags:
      - kyverno-chart-3.9.0
    path: .
  path: _sources/kyverno
- contents:
  - configDigest: 016f10dad66a73ffe8679c67c4135ae7a35ce79a3c90bbdb8e2f8af66aaa43a3
    git:
      commitTitle: '[prometheus-operator-crds] Update dependency prometheus-operator/prometheus-operator
        to v0.91.0 (#6892)...'
      sha: 7897ac7761509208307f5cfd8066f8a6fe5a33df
      tags:
      - prometheus-operator-crds-29.0.0
    path: .
  path: _sources/prometheus
- contents:
  - configDigest: 44d3cd4f78cbd8ff124f01b5f6a263009268ee029afbf73efa0f3cedadafff33
    git:
      commitTitle: 'Merge pull request #18219 from BlaineEXE/release-ver-1.20.6...'
      sha: 4e1b7a626891a215949ab42a6957a0ef1e1a25e6
      tags:
      - v1.20.6
    path: .
  path: _sources/rook
- contents:
  - configDigest: bdd5cb13ed52336fcd61344c14ba464455762c2093b8a1f24cdc902247043065
    git:
      commitTitle: 'chore(release): v0.21.0 (#711)...'
      sha: 8bb6b72b04a187a2ebaa55fc8308d45f6c7e53b9
      tags:
      - v0.21.0
    path: .
  path: _sources/silence-operator
- contents:
  - configDigest: dcf40fbdc763ee5ab77a823ddb86c04beef7b371d4fb6273ae90c56f344968d9
    git:
      commitTitle: Release v0.46.0 (#6448)...
      sha: c6c425a924fac51c86cbade15d0e720e29a600ab
      tags:
      - v0.46.0
    path: .
  path: _sources/toolhive
- contents:
  - configDigest: 20244264c2ff4671604c52453cdbae9f6162057e6a3af4a048dc4a2697b27353
    git:
      commitTitle: 'chore(release): 0.5.2 (#530)'
      sha: 4b42da0e639c00c96334c534ea07966f23ba0ed3
      tags:
      - 0.5.2
    path: .
  path: _sources/tuppr
- contents:
  - configDigest: e1be80ecfdf0c9845285fce149009adae5bdf65cd73f6047cc4a6af7a790887d
    git:
      commitTitle: 'charts: Update victoriametrics/operator Docker tag to v0.70.1
        (#2914)...'
      sha: f6601faad6bb61e8cbb3870255d4ee32616165a7
      tags:
      - victoria-metrics-operator-0.63.1
    path: .
  path: _sources/victoria-metrics
- contents:
  - git:
      commitTitle: 'Merge pull request #2022 from openshift-cherrypick-robot/cherry-pick-2020-to-release-0.16...'
      sha: 22b97b0717c74f328853d92877151392ff5ecb42
      tags:
      - v0.16.0
    path: .
  path: _sources/volsync
kind: LockConfig
